<Solution>
  <Folder Name="/Doc/">
    <File Path="../doc/MCP Tools.md" />
    <File Path="../doc/Middleware.md" />
    <File Path="../doc/Models.md" />
  </Folder>
  <Folder Name="/Solution Items/">
    <File Path="../README.md" />
    <File Path="../TODO.md" />
    <File Path=".gitignore" />
    <File Path="Directory.Build.props" />
    <File Path="Directory.Packages.props" />
  </Folder>
  <Project Path="ConsoleApp/ConsoleApp.fsproj" />
  <Project Path="Library/Library.fsproj" Id="a7f45ae3-b60c-4d7e-9d39-aea7fe780829" />
  <Project Path="UnitTests/UnitTests.fsproj" Id="7f15e85c-fbdc-4fb0-bde3-7726290e5acf" />
</Solution>
